// !$*UTF8*$!
{
	archiveVersion = 1;
	classes = {
	};
	objectVersion = 48;
	objects = {

/* Begin PBXBuildFile section */
		2E0DBD361F99339100744DC2 /* FetchedResultsTableViewController.swift in Sources */ = {isa = PBXBuildFile; fileRef = 2E0DBD351F99339100744DC2 /* FetchedResultsTableViewController.swift */; };
		2E0DBD381F99348600744DC2 /* SelectionsTableViewController.swift in Sources */ = {isa = PBXBuildFile; fileRef = 2E0DBD371F99348600744DC2 /* SelectionsTableViewController.swift */; };
		2E376D071F96B02E00121E28 /* PoemCollectionViewController.swift in Sources */ = {isa = PBXBuildFile; fileRef = 2E376D061F96B02E00121E28 /* PoemCollectionViewController.swift */; };
		2E376D091F96B05900121E28 /* PoemCollectionViewCell.swift in Sources */ = {isa = PBXBuildFile; fileRef = 2E376D081F96B05900121E28 /* PoemCollectionViewCell.swift */; };
		2E5593B51F97AC8D00B4B8EA /* data.csv in Resources */ = {isa = PBXBuildFile; fileRef = 2E5593B41F97AC8D00B4B8EA /* data.csv */; };
		2E5593B91F98DD8600B4B8EA /* PoemViewController.swift in Sources */ = {isa = PBXBuildFile; fileRef = 2E5593B81F98DD8600B4B8EA /* PoemViewController.swift */; };
		2E57C2971F9942D700574032 /* SelectionViewController.swift in Sources */ = {isa = PBXBuildFile; fileRef = 2E57C2961F9942D700574032 /* SelectionViewController.swift */; };
		2E57C2991F9A534C00574032 /* SelectionTableViewCell.swift in Sources */ = {isa = PBXBuildFile; fileRef = 2E57C2981F9A534C00574032 /* SelectionTableViewCell.swift */; };
		2EB782A41F9E2F6900E92DDF /* SelectionTableViewBackgroundView.swift in Sources */ = {isa = PBXBuildFile; fileRef = 2EB782A31F9E2F6900E92DDF /* SelectionTableViewBackgroundView.swift */; };
		2EDDBC3C1F966D4000B22823 /* AppDelegate.swift in Sources */ = {isa = PBXBuildFile; fileRef = 2EDDBC3B1F966D4000B22823 /* AppDelegate.swift */; };
		2EDDBC411F966D4000B22823 /* Main.storyboard in Resources */ = {isa = PBXBuildFile; fileRef = 2EDDBC3F1F966D4000B22823 /* Main.storyboard */; };
		2EDDBC441F966D4000B22823 /* Poetshary.xcdatamodeld in Sources */ = {isa = PBXBuildFile; fileRef = 2EDDBC421F966D4000B22823 /* Poetshary.xcdatamodeld */; };
		2EDDBC461F966D4000B22823 /* Assets.xcassets in Resources */ = {isa = PBXBuildFile; fileRef = 2EDDBC451F966D4000B22823 /* Assets.xcassets */; };
		2EDDBC491F966D4000B22823 /* LaunchScreen.storyboard in Resources */ = {isa = PBXBuildFile; fileRef = 2EDDBC471F966D4000B22823 /* LaunchScreen.storyboard */; };
		2EDDBC541F967F2400B22823 /* Poem.swift in Sources */ = {isa = PBXBuildFile; fileRef = 2EDDBC531F967F2400B22823 /* Poem.swift */; };
		2EDDBC561F96863900B22823 /* Poet.swift in Sources */ = {isa = PBXBuildFile; fileRef = 2EDDBC551F96863900B22823 /* Poet.swift */; };
		2EDDBC581F96878400B22823 /* Selection.swift in Sources */ = {isa = PBXBuildFile; fileRef = 2EDDBC571F96878400B22823 /* Selection.swift */; };
		2EDDBC5A1F969B1F00B22823 /* Data.swift in Sources */ = {isa = PBXBuildFile; fileRef = 2EDDBC591F969B1F00B22823 /* Data.swift */; };
		2EE7F99C1FA1327300DB395A /* Poetshary.sqlite in Resources */ = {isa = PBXBuildFile; fileRef = 2EE7F9991FA1327200DB395A /* Poetshary.sqlite */; };
		2EE7F99D1FA1327300DB395A /* Poetshary.sqlite-wal in Resources */ = {isa = PBXBuildFile; fileRef = 2EE7F99A1FA1327200DB395A /* Poetshary.sqlite-wal */; };
		2EE7F99E1FA1327300DB395A /* Poetshary.sqlite-shm in Resources */ = {isa = PBXBuildFile; fileRef = 2EE7F99B1FA1327200DB395A /* Poetshary.sqlite-shm */; };
/* End PBXBuildFile section */

/* Begin PBXFileReference section */
		2E0DBD351F99339100744DC2 /* FetchedResultsTableViewController.swift */ = {isa = PBXFileReference; lastKnownFileType = sourcecode.swift; path = FetchedResultsTableViewController.swift; sourceTree = "<group>"; };
		2E0DBD371F99348600744DC2 /* SelectionsTableViewController.swift */ = {isa = PBXFileReference; lastKnownFileType = sourcecode.swift; path = SelectionsTableViewController.swift; sourceTree = "<group>"; };
		2E376D061F96B02E00121E28 /* PoemCollectionViewController.swift */ = {isa = PBXFileReference; lastKnownFileType = sourcecode.swift; path = PoemCollectionViewController.swift; sourceTree = "<group>"; };
		2E376D081F96B05900121E28 /* PoemCollectionViewCell.swift */ = {isa = PBXFileReference; lastKnownFileType = sourcecode.swift; path = PoemCollectionViewCell.swift; sourceTree = "<group>"; };
		2E5593B41F97AC8D00B4B8EA /* data.csv */ = {isa = PBXFileReference; fileEncoding = 4; lastKnownFileType = text; name = data.csv; path = "../../Data Scrapping/data.csv"; sourceTree = "<group>"; };
		2E5593B81F98DD8600B4B8EA /* PoemViewController.swift */ = {isa = PBXFileReference; lastKnownFileType = sourcecode.swift; path = PoemViewController.swift; sourceTree = "<group>"; };
		2E57C2961F9942D700574032 /* SelectionViewController.swift */ = {isa = PBXFileReference; lastKnownFileType = sourcecode.swift; path = SelectionViewController.swift; sourceTree = "<group>"; };
		2E57C2981F9A534C00574032 /* SelectionTableViewCell.swift */ = {isa = PBXFileReference; lastKnownFileType = sourcecode.swift; path = SelectionTableViewCell.swift; sourceTree = "<group>"; };
		2EB782A31F9E2F6900E92DDF /* SelectionTableViewBackgroundView.swift */ = {isa = PBXFileReference; lastKnownFileType = sourcecode.swift; path = SelectionTableViewBackgroundView.swift; sourceTree = "<group>"; };
		2EDDBC381F966D4000B22823 /* Poetshary.app */ = {isa = PBXFileReference; explicitFileType = wrapper.application; includeInIndex = 0; path = Poetshary.app; sourceTree = BUILT_PRODUCTS_DIR; };
		2EDDBC3B1F966D4000B22823 /* AppDelegate.swift */ = {isa = PBXFileReference; lastKnownFileType = sourcecode.swift; path = AppDelegate.swift; sourceTree = "<group>"; };
		2EDDBC401F966D4000B22823 /* Base */ = {isa = PBXFileReference; lastKnownFileType = file.storyboard; name = Base; path = Base.lproj/Main.storyboard; sourceTree = "<group>"; };
		2EDDBC431F966D4000B22823 /* Poetshary.xcdatamodel */ = {isa = PBXFileReference; lastKnownFileType = wrapper.xcdatamodel; path = Poetshary.xcdatamodel; sourceTree = "<group>"; };
		2EDDBC451F966D4000B22823 /* Assets.xcassets */ = {isa = PBXFileReference; lastKnownFileType = folder.assetcatalog; path = Assets.xcassets; sourceTree = "<group>"; };
		2EDDBC481F966D4000B22823 /* Base */ = {isa = PBXFileReference; lastKnownFileType = file.storyboard; name = Base; path = Base.lproj/LaunchScreen.storyboard; sourceTree = "<group>"; };
		2EDDBC4A1F966D4100B22823 /* Info.plist */ = {isa = PBXFileReference; lastKnownFileType = text.plist.xml; path = Info.plist; sourceTree = "<group>"; };
		2EDDBC531F967F2400B22823 /* Poem.swift */ = {isa = PBXFileReference; lastKnownFileType = sourcecode.swift; path = Poem.swift; sourceTree = "<group>"; };
		2EDDBC551F96863900B22823 /* Poet.swift */ = {isa = PBXFileReference; lastKnownFileType = sourcecode.swift; path = Poet.swift; sourceTree = "<group>"; };
		2EDDBC571F96878400B22823 /* Selection.swift */ = {isa = PBXFileReference; lastKnownFileType = sourcecode.swift; path = Selection.swift; sourceTree = "<group>"; };
		2EDDBC591F969B1F00B22823 /* Data.swift */ = {isa = PBXFileReference; lastKnownFileType = sourcecode.swift; path = Data.swift; sourceTree = "<group>"; };
		2EE7F9991FA1327200DB395A /* Poetshary.sqlite */ = {isa = PBXFileReference; lastKnownFileType = file; path = Poetshary.sqlite; sourceTree = "<group>"; };
		2EE7F99A1FA1327200DB395A /* Poetshary.sqlite-wal */ = {isa = PBXFileReference; lastKnownFileType = file; path = "Poetshary.sqlite-wal"; sourceTree = "<group>"; };
		2EE7F99B1FA1327200DB395A /* Poetshary.sqlite-shm */ = {isa = PBXFileReference; lastKnownFileType = file; path = "Poetshary.sqlite-shm"; sourceTree = "<group>"; };
/* End PBXFileReference section */

/* Begin PBXFrameworksBuildPhase section */
		2EDDBC351F966D4000B22823 /* Frameworks */ = {
			isa = PBXFrameworksBuildPhase;
			buildActionMask = 2147483647;
			files = (
			);
			runOnlyForDeploymentPostprocessing = 0;
		};
/* End PBXFrameworksBuildPhase section */

/* Begin PBXGroup section */
		2EDDBC2F1F966D4000B22823 = {
			isa = PBXGroup;
			children = (
				2EDDBC3A1F966D4000B22823 /* Poetshary */,
				2EDDBC391F966D4000B22823 /* Products */,
			);
			sourceTree = "<group>";
		};
		2EDDBC391F966D4000B22823 /* Products */ = {
			isa = PBXGroup;
			children = (
				2EDDBC381F966D4000B22823 /* Poetshary.app */,
			);
			name = Products;
			sourceTree = "<group>";
		};
		2EDDBC3A1F966D4000B22823 /* Poetshary */ = {
			isa = PBXGroup;
			children = (
				2EE7F9991FA1327200DB395A /* Poetshary.sqlite */,
				2EE7F99B1FA1327200DB395A /* Poetshary.sqlite-shm */,
				2EE7F99A1FA1327200DB395A /* Poetshary.sqlite-wal */,
				2EDDBC531F967F2400B22823 /* Poem.swift */,
				2EDDBC551F96863900B22823 /* Poet.swift */,
				2EDDBC571F96878400B22823 /* Selection.swift */,
				2E5593B41F97AC8D00B4B8EA /* data.csv */,
				2EDDBC591F969B1F00B22823 /* Data.swift */,
				2E0DBD351F99339100744DC2 /* FetchedResultsTableViewController.swift */,
				2EDDBC3B1F966D4000B22823 /* AppDelegate.swift */,
				2EDDBC3F1F966D4000B22823 /* Main.storyboard */,
				2EB782A31F9E2F6900E92DDF /* SelectionTableViewBackgroundView.swift */,
				2E0DBD371F99348600744DC2 /* SelectionsTableViewController.swift */,
				2E57C2981F9A534C00574032 /* SelectionTableViewCell.swift */,
				2E57C2961F9942D700574032 /* SelectionViewController.swift */,
				2E5593B81F98DD8600B4B8EA /* PoemViewController.swift */,
				2E376D081F96B05900121E28 /* PoemCollectionViewCell.swift */,
				2E376D061F96B02E00121E28 /* PoemCollectionViewController.swift */,
				2EDDBC451F966D4000B22823 /* Assets.xcassets */,
				2EDDBC471F966D4000B22823 /* LaunchScreen.storyboard */,
				2EDDBC4A1F966D4100B22823 /* Info.plist */,
				2EDDBC421F966D4000B22823 /* Poetshary.xcdatamodeld */,
			);
			path = Poetshary;
			sourceTree = "<group>";
		};
/* End PBXGroup section */

/* Begin PBXNativeTarget section */
		2EDDBC371F966D4000B22823 /* Poetshary */ = {
			isa = PBXNativeTarget;
			buildConfigurationList = 2EDDBC4D1F966D4100B22823 /* Build configuration list for PBXNativeTarget "Poetshary" */;
			buildPhases = (
				2EDDBC341F966D4000B22823 /* Sources */,
				2EDDBC351F966D4000B22823 /* Frameworks */,
				2EDDBC361F966D4000B22823 /* Resources */,
			);
			buildRules = (
			);
			dependencies = (
			);
			name = Poetshary;
			productName = Poetshary;
			productReference = 2EDDBC381F966D4000B22823 /* Poetshary.app */;
			productType = "com.apple.product-type.application";
		};
/* End PBXNativeTarget section */

/* Begin PBXProject section */
		2EDDBC301F966D4000B22823 /* Project object */ = {
			isa = PBXProject;
			attributes = {
				LastSwiftUpdateCheck = 0900;
				LastUpgradeCheck = 0900;
				ORGANIZATIONNAME = "Noor Amer";
				TargetAttributes = {
					2EDDBC371F966D4000B22823 = {
						CreatedOnToolsVersion = 9.0.1;
						ProvisioningStyle = Automatic;
					};
				};
			};
			buildConfigurationList = 2EDDBC331F966D4000B22823 /* Build configuration list for PBXProject "Poetshary" */;
			compatibilityVersion = "Xcode 8.0";
			developmentRegion = en;
			hasScannedForEncodings = 0;
			knownRegions = (
				en,
				Base,
			);
			mainGroup = 2EDDBC2F1F966D4000B22823;
			productRefGroup = 2EDDBC391F966D4000B22823 /* Products */;
			projectDirPath = "";
			projectRoot = "";
			targets = (
				2EDDBC371F966D4000B22823 /* Poetshary */,
			);
		};
/* End PBXProject section */

/* Begin PBXResourcesBuildPhase section */
		2EDDBC361F966D4000B22823 /* Resources */ = {
			isa = PBXResourcesBuildPhase;
			buildActionMask = 2147483647;
			files = (
				2E5593B51F97AC8D00B4B8EA /* data.csv in Resources */,
				2EDDBC491F966D4000B22823 /* LaunchScreen.storyboard in Resources */,
				2EE7F99D1FA1327300DB395A /* Poetshary.sqlite-wal in Resources */,
				2EE7F99C1FA1327300DB395A /* Poetshary.sqlite in Resources */,
				2EDDBC461F966D4000B22823 /* Assets.xcassets in Resources */,
				2EDDBC411F966D4000B22823 /* Main.storyboard in Resources */,
				2EE7F99E1FA1327300DB395A /* Poetshary.sqlite-shm in Resources */,
			);
			runOnlyForDeploymentPostprocessing = 0;
		};
/* End PBXResourcesBuildPhase section */

/* Begin PBXSourcesBuildPhase section */
		2EDDBC341F966D4000B22823 /* Sources */ = {
			isa = PBXSourcesBuildPhase;
			buildActionMask = 2147483647;
			files = (
				2EDDBC5A1F969B1F00B22823 /* Data.swift in Sources */,
				2E57C2971F9942D700574032 /* SelectionViewController.swift in Sources */,
				2E376D091F96B05900121E28 /* PoemCollectionViewCell.swift in Sources */,
				2EDDBC581F96878400B22823 /* Selection.swift in Sources */,
				2E0DBD381F99348600744DC2 /* SelectionsTableViewController.swift in Sources */,
				2EB782A41F9E2F6900E92DDF /* SelectionTableViewBackgroundView.swift in Sources */,
				2EDDBC561F96863900B22823 /* Poet.swift in Sources */,
				2EDDBC3C1F966D4000B22823 /* AppDelegate.swift in Sources */,
				2E376D071F96B02E00121E28 /* PoemCollectionViewController.swift in Sources */,
				2E0DBD361F99339100744DC2 /* FetchedResultsTableViewController.swift in Sources */,
				2EDDBC541F967F2400B22823 /* Poem.swift in Sources */,
				2E57C2991F9A534C00574032 /* SelectionTableViewCell.swift in Sources */,
				2EDDBC441F966D4000B22823 /* Poetshary.xcdatamodeld in Sources */,
				2E5593B91F98DD8600B4B8EA /* PoemViewController.swift in Sources */,
			);
			runOnlyForDeploymentPostprocessing = 0;
		};
/* End PBXSourcesBuildPhase section */

/* Begin PBXVariantGroup section */
		2EDDBC3F1F966D4000B22823 /* Main.storyboard */ = {
			isa = PBXVariantGroup;
			children = (
				2EDDBC401F966D4000B22823 /* Base */,
			);
			name = Main.storyboard;
			sourceTree = "<group>";
		};
		2EDDBC471F966D4000B22823 /* LaunchScreen.storyboard */ = {
			isa = PBXVariantGroup;
			children = (
				2EDDBC481F966D4000B22823 /* Base */,
			);
			name = LaunchScreen.storyboard;
			sourceTree = "<group>";
		};
/* End PBXVariantGroup section */

/* Begin XCBuildConfiguration section */
		2EDDBC4B1F966D4100B22823 /* Debug */ = {
			isa = XCBuildConfiguration;
			buildSettings = {
				ALWAYS_SEARCH_USER_PATHS = NO;
				CLANG_ANALYZER_NONNULL = YES;
				CLANG_ANALYZER_NUMBER_OBJECT_CONVERSION = YES_AGGRESSIVE;
				CLANG_CXX_LANGUAGE_STANDARD = "gnu++14";
				CLANG_CXX_LIBRARY = "libc++";
				CLANG_ENABLE_MODULES = YES;
				CLANG_ENABLE_OBJC_ARC = YES;
				CLANG_WARN_BLOCK_CAPTURE_AUTORELEASING = YES;
				CLANG_WARN_BOOL_CONVERSION = YES;
				CLANG_WARN_COMMA = YES;
				CLANG_WARN_CONSTANT_CONVERSION = YES;
				CLANG_WARN_DIRECT_OBJC_ISA_USAGE = YES_ERROR;
				CLANG_WARN_DOCUMENTATION_COMMENTS = YES;
				CLANG_WARN_EMPTY_BODY = YES;
				CLANG_WARN_ENUM_CONVERSION = YES;
				CLANG_WARN_INFINITE_RECURSION = YES;
				CLANG_WARN_INT_CONVERSION = YES;
				CLANG_WARN_NON_LITERAL_NULL_CONVERSION = YES;
				CLANG_WARN_OBJC_LITERAL_CONVERSION = YES;
				CLANG_WARN_OBJC_ROOT_CLASS = YES_ERROR;
				CLANG_WARN_RANGE_LOOP_ANALYSIS = YES;
				CLANG_WARN_STRICT_PROTOTYPES = YES;
				CLANG_WARN_SUSPICIOUS_MOVE = YES;
				CLANG_WARN_UNGUARDED_AVAILABILITY = YES_AGGRESSIVE;
				CLANG_WARN_UNREACHABLE_CODE = YES;
				CLANG_WARN__DUPLICATE_METHOD_MATCH = YES;
				CODE_SIGN_IDENTITY = "iPhone Developer";
				COPY_PHASE_STRIP = NO;
				DEBUG_INFORMATION_FORMAT = dwarf;
				ENABLE_STRICT_OBJC_MSGSEND = YES;
				ENABLE_TESTABILITY = YES;
				GCC_C_LANGUAGE_STANDARD = gnu11;
				GCC_DYNAMIC_NO_PIC = NO;
				GCC_NO_COMMON_BLOCKS = YES;
				GCC_OPTIMIZATION_LEVEL = 0;
				GCC_PREPROCESSOR_DEFINITIONS = (
					"DEBUG=1",
					"$(inherited)",
				);
				GCC_WARN_64_TO_32_BIT_CONVERSION = YES;
				GCC_WARN_ABOUT_RETURN_TYPE = YES_ERROR;
				GCC_WARN_UNDECLARED_SELECTOR = YES;
				GCC_WARN_UNINITIALIZED_AUTOS = YES_AGGRESSIVE;
				GCC_WARN_UNUSED_FUNCTION = YES;
				GCC_WARN_UNUSED_VARIABLE = YES;
				IPHONEOS_DEPLOYMENT_TARGET = 11.0;
				MTL_ENABLE_DEBUG_INFO = YES;
				ONLY_ACTIVE_ARCH = YES;
				SDKROOT = iphoneos;
				SWIFT_ACTIVE_COMPILATION_CONDITIONS = DEBUG;
				SWIFT_OPTIMIZATION_LEVEL = "-Onone";
			};
			name = Debug;
		};
		2EDDBC4C1F966D4100B22823 /* Release */ = {
			isa = XCBuildConfiguration;
			buildSettings = {
				ALWAYS_SEARCH_USER_PATHS = NO;
				CLANG_ANALYZER_NONNULL = YES;
				CLANG_ANALYZER_NUMBER_OBJECT_CONVERSION = YES_AGGRESSIVE;
				CLANG_CXX_LANGUAGE_STANDARD = "gnu++14";
				CLANG_CXX_LIBRARY = "libc++";
				CLANG_ENABLE_MODULES = YES;
				CLANG_ENABLE_OBJC_ARC = YES;
				CLANG_WARN_BLOCK_CAPTURE_AUTORELEASING = YES;
				CLANG_WARN_BOOL_CONVERSION = YES;
				CLANG_WARN_COMMA = YES;
				CLANG_WARN_CONSTANT_CONVERSION = YES;
				CLANG_WARN_DIRECT_OBJC_ISA_USAGE = YES_ERROR;
				CLANG_WARN_DOCUMENTATION_COMMENTS = YES;
				CLANG_WARN_EMPTY_BODY = YES;
				CLANG_WARN_ENUM_CONVERSION = YES;
				CLANG_WARN_INFINITE_RECURSION = YES;
				CLANG_WARN_INT_CONVERSION = YES;
				CLANG_WARN_NON_LITERAL_NULL_CONVERSION = YES;
				CLANG_WARN_OBJC_LITERAL_CONVERSION = YES;
				CLANG_WARN_OBJC_ROOT_CLASS = YES_ERROR;
				CLANG_WARN_RANGE_LOOP_ANALYSIS = YES;
				CLANG_WARN_STRICT_PROTOTYPES = YES;
				CLANG_WARN_SUSPICIOUS_MOVE = YES;
				CLANG_WARN_UNGUARDED_AVAILABILITY = YES_AGGRESSIVE;
				CLANG_WARN_UNREACHABLE_CODE = YES;
				CLANG_WARN__DUPLICATE_METHOD_MATCH = YES;
				CODE_SIGN_IDENTITY = "iPhone Developer";
				COPY_PHASE_STRIP = NO;
				DEBUG_INFORMATION_FORMAT = "dwarf-with-dsym";
				ENABLE_NS_ASSERTIONS = NO;
				ENABLE_STRICT_OBJC_MSGSEND = YES;
				GCC_C_LANGUAGE_STANDARD = gnu11;
				GCC_NO_COMMON_BLOCKS = YES;
				GCC_WARN_64_TO_32_BIT_CONVERSION = YES;
				GCC_WARN_ABOUT_RETURN_TYPE = YES_ERROR;
				GCC_WARN_UNDECLARED_SELECTOR = YES;
				GCC_WARN_UNINITIALIZED_AUTOS = YES_AGGRESSIVE;
				GCC_WARN_UNUSED_FUNCTION = YES;
				GCC_WARN_UNUSED_VARIABLE = YES;
				IPHONEOS_DEPLOYMENT_TARGET = 11.0;
				MTL_ENABLE_DEBUG_INFO = NO;
				SDKROOT = iphoneos;
				SWIFT_OPTIMIZATION_LEVEL = "-Owholemodule";
				VALIDATE_PRODUCT = YES;
			};
			name = Release;
		};
		2EDDBC4E1F966D4100B22823 /* Debug */ = {
			isa = XCBuildConfiguration;
			buildSettings = {
				ASSETCATALOG_COMPILER_APPICON_NAME = AppIcon;
				CODE_SIGN_STYLE = Automatic;
				DEVELOPMENT_TEAM = 6P993KHRC9;
				INFOPLIST_FILE = Poetshary/Info.plist;
				LD_RUNPATH_SEARCH_PATHS = "$(inherited) @executable_path/Frameworks";
				PRODUCT_BUNDLE_IDENTIFIER = com.nooralasa.Poetshary;
				PRODUCT_NAME = "$(TARGET_NAME)";
				SWIFT_VERSION = 4.0;
				TARGETED_DEVICE_FAMILY = "1,2";
			};
			name = Debug;
		};
		2EDDBC4F1F966D4100B22823 /* Release */ = {
			isa = XCBuildConfiguration;
			buildSettings = {
				ASSETCATALOG_COMPILER_APPICON_NAME = AppIcon;
				CODE_SIGN_STYLE = Automatic;
				DEVELOPMENT_TEAM = 6P993KHRC9;
				INFOPLIST_FILE = Poetshary/Info.plist;
				LD_RUNPATH_SEARCH_PATHS = "$(inherited) @executable_path/Frameworks";
				PRODUCT_BUNDLE_IDENTIFIER = com.nooralasa.Poetshary;
				PRODUCT_NAME = "$(TARGET_NAME)";
				SWIFT_VERSION = 4.0;
				TARGETED_DEVICE_FAMILY = "1,2";
			};
			name = Release;
		};
/* End XCBuildConfiguration section */

/* Begin XCConfigurationList section */
		2EDDBC331F966D4000B22823 /* Build configuration list for PBXProject "Poetshary" */ = {
			isa = XCConfigurationList;
			buildConfigurations = (
				2EDDBC4B1F966D4100B22823 /* Debug */,
				2EDDBC4C1F966D4100B22823 /* Release */,
			);
			defaultConfigurationIsVisible = 0;
			defaultConfigurationName = Release;
		};
		2EDDBC4D1F966D4100B22823 /* Build configuration list for PBXNativeTarget "Poetshary" */ = {
			isa = XCConfigurationList;
			buildConfigurations = (
				2EDDBC4E1F966D4100B22823 /* Debug */,
				2EDDBC4F1F966D4100B22823 /* Release */,
			);
			defaultConfigurationIsVisible = 0;
			defaultConfigurationName = Release;
		};
/* End XCConfigurationList section */

/* Begin XCVersionGroup section */
		2EDDBC421F966D4000B22823 /* Poetshary.xcdatamodeld */ = {
			isa = XCVersionGroup;
			children = (
				2EDDBC431F966D4000B22823 /* Poetshary.xcdatamodel */,
			);
			currentVersion = 2EDDBC431F966D4000B22823 /* Poetshary.xcdatamodel */;
			path = Poetshary.xcdatamodeld;
			sourceTree = "<group>";
			versionGroupType = wrapper.xcdatamodel;
		};
/* End XCVersionGroup section */
	};
	rootObject = 2EDDBC301F966D4000B22823 /* Project object */;
}
